
Microsoft Visual Studio Solution File, Format Version 12.00
# Visual Studio Version 17
VisualStudioVersion = 17.0.31912.275
MinimumVisualStudioVersion = 10.0.40219.1
Project("{9A19103F-16F7-4668-BE54-9A1E7A4F7556}") = "Svg2Path", "Svg2Path\Svg2Path.csproj", "{2C1F0020-0CC0-4486-A84C-12FB6824AC3C}"
EndProject
Project("{9A19103F-16F7-4668-BE54-9A1E7A4F7556}") = "MouseOverOverride", "MouseOverOverride\MouseOverOverride.csproj", "{84004AF3-54C5-42A1-935A-93FFC8089C42}"
EndProject
Project("{9A19103F-16F7-4668-BE54-9A1E7A4F7556}") = "BlendDrawings", "BlendDrawings\BlendDrawings.csproj", "{11723A11-2420-49D6-B953-F12ABC355D3F}"
EndProject
Project("{FAE04EC0-301F-11D3-BF4B-00C04F79EFBC}") = "PythonPdb", "PythonPdb\PythonPdb.csproj", "{10874544-E7D4-4EF2-941C-109806F07735}"
EndProject
Project("{9A19103F-16F7-4668-BE54-9A1E7A4F7556}") = "ShowInstalledSoftware", "ShowInstalledSoftware\ShowInstalledSoftware.csproj", "{4D7E4FD5-20D2-43E3-B79E-B0D6549894D6}"
EndProject
Project("{9A19103F-16F7-4668-BE54-9A1E7A4F7556}") = "SerializeCompare", "SerializeCompare\SerializeCompare.csproj", "{00116491-05B5-476F-B1FA-C65326B724ED}"
EndProject
Project("{FAE04EC0-301F-11D3-BF4B-00C04F79EFBC}") = "GetLayOutClipTest", "GetLayOutClipTest\GetLayOutClipTest.csproj", "{3E50CFE9-A2B4-4763-992A-836530C0A2CB}"
EndProject
Project("{FAE04EC0-301F-11D3-BF4B-00C04F79EFBC}") = "UsingLiveCharts", "UsingLiveCharts\UsingLiveCharts.csproj", "{D55C5B36-BD68-403C-8305-EA744197ECDD}"
EndProject
Project("{FAE04EC0-301F-11D3-BF4B-00C04F79EFBC}") = "UsingMapControl", "UsingMapControl\UsingMapControl.csproj", "{447B6B5B-ABE7-46E7-8C00-75B68D8DEF23}"
EndProject
Project("{FAE04EC0-301F-11D3-BF4B-00C04F79EFBC}") = "UsingGMap", "UsingGMap\UsingGMap.csproj", "{500F1374-035B-490C-83F7-0D4F7DCCF8D3}"
EndProject
Project("{9A19103F-16F7-4668-BE54-9A1E7A4F7556}") = "UsingReactive", "UsingReactive\UsingReactive.csproj", "{1601B5DE-FCD6-4806-87C6-A0FD7DDA5BEC}"
EndProject
Project("{9A19103F-16F7-4668-BE54-9A1E7A4F7556}") = "UsingCommands", "UsingCommands\UsingCommands.csproj", "{2736D793-C15E-412E-8329-C0F36F41049B}"
EndProject
Project("{FAE04EC0-301F-11D3-BF4B-00C04F79EFBC}") = "UsingEvents", "UsingEvents\UsingEvents.csproj", "{79308795-AA7A-4ACB-90CF-23A6CCDCBA0B}"
EndProject
Global
	GlobalSection(SolutionConfigurationPlatforms) = preSolution
		Debug|Any CPU = Debug|Any CPU
		Release|Any CPU = Release|Any CPU
	EndGlobalSection
	GlobalSection(ProjectConfigurationPlatforms) = postSolution
		{2C1F0020-0CC0-4486-A84C-12FB6824AC3C}.Debug|Any CPU.ActiveCfg = Debug|Any CPU
		{2C1F0020-0CC0-4486-A84C-12FB6824AC3C}.Debug|Any CPU.Build.0 = Debug|Any CPU
		{2C1F0020-0CC0-4486-A84C-12FB6824AC3C}.Release|Any CPU.ActiveCfg = Release|Any CPU
		{2C1F0020-0CC0-4486-A84C-12FB6824AC3C}.Release|Any CPU.Build.0 = Release|Any CPU
		{84004AF3-54C5-42A1-935A-93FFC8089C42}.Debug|Any CPU.ActiveCfg = Debug|Any CPU
		{84004AF3-54C5-42A1-935A-93FFC8089C42}.Debug|Any CPU.Build.0 = Debug|Any CPU
		{84004AF3-54C5-42A1-935A-93FFC8089C42}.Release|Any CPU.ActiveCfg = Release|Any CPU
		{84004AF3-54C5-42A1-935A-93FFC8089C42}.Release|Any CPU.Build.0 = Release|Any CPU
		{11723A11-2420-49D6-B953-F12ABC355D3F}.Debug|Any CPU.ActiveCfg = Debug|Any CPU
		{11723A11-2420-49D6-B953-F12ABC355D3F}.Debug|Any CPU.Build.0 = Debug|Any CPU
		{11723A11-2420-49D6-B953-F12ABC355D3F}.Release|Any CPU.ActiveCfg = Release|Any CPU
		{11723A11-2420-49D6-B953-F12ABC355D3F}.Release|Any CPU.Build.0 = Release|Any CPU
		{10874544-E7D4-4EF2-941C-109806F07735}.Debug|Any CPU.ActiveCfg = Debug|Any CPU
		{10874544-E7D4-4EF2-941C-109806F07735}.Debug|Any CPU.Build.0 = Debug|Any CPU
		{10874544-E7D4-4EF2-941C-109806F07735}.Release|Any CPU.ActiveCfg = Release|Any CPU
		{10874544-E7D4-4EF2-941C-109806F07735}.Release|Any CPU.Build.0 = Release|Any CPU
		{4D7E4FD5-20D2-43E3-B79E-B0D6549894D6}.Debug|Any CPU.ActiveCfg = Debug|Any CPU
		{4D7E4FD5-20D2-43E3-B79E-B0D6549894D6}.Debug|Any CPU.Build.0 = Debug|Any CPU
		{4D7E4FD5-20D2-43E3-B79E-B0D6549894D6}.Release|Any CPU.ActiveCfg = Release|Any CPU
		{4D7E4FD5-20D2-43E3-B79E-B0D6549894D6}.Release|Any CPU.Build.0 = Release|Any CPU
		{00116491-05B5-476F-B1FA-C65326B724ED}.Debug|Any CPU.ActiveCfg = Debug|Any CPU
		{00116491-05B5-476F-B1FA-C65326B724ED}.Debug|Any CPU.Build.0 = Debug|Any CPU
		{00116491-05B5-476F-B1FA-C65326B724ED}.Release|Any CPU.ActiveCfg = Release|Any CPU
		{00116491-05B5-476F-B1FA-C65326B724ED}.Release|Any CPU.Build.0 = Release|Any CPU
		{3E50CFE9-A2B4-4763-992A-836530C0A2CB}.Debug|Any CPU.ActiveCfg = Debug|Any CPU
		{3E50CFE9-A2B4-4763-992A-836530C0A2CB}.Debug|Any CPU.Build.0 = Debug|Any CPU
		{3E50CFE9-A2B4-4763-992A-836530C0A2CB}.Release|Any CPU.ActiveCfg = Release|Any CPU
		{3E50CFE9-A2B4-4763-992A-836530C0A2CB}.Release|Any CPU.Build.0 = Release|Any CPU
		{D55C5B36-BD68-403C-8305-EA744197ECDD}.Debug|Any CPU.ActiveCfg = Debug|Any CPU
		{D55C5B36-BD68-403C-8305-EA744197ECDD}.Debug|Any CPU.Build.0 = Debug|Any CPU
		{D55C5B36-BD68-403C-8305-EA744197ECDD}.Release|Any CPU.ActiveCfg = Release|Any CPU
		{D55C5B36-BD68-403C-8305-EA744197ECDD}.Release|Any CPU.Build.0 = Release|Any CPU
		{447B6B5B-ABE7-46E7-8C00-75B68D8DEF23}.Debug|Any CPU.ActiveCfg = Debug|Any CPU
		{447B6B5B-ABE7-46E7-8C00-75B68D8DEF23}.Debug|Any CPU.Build.0 = Debug|Any CPU
		{447B6B5B-ABE7-46E7-8C00-75B68D8DEF23}.Release|Any CPU.ActiveCfg = Release|Any CPU
		{447B6B5B-ABE7-46E7-8C00-75B68D8DEF23}.Release|Any CPU.Build.0 = Release|Any CPU
		{500F1374-035B-490C-83F7-0D4F7DCCF8D3}.Debug|Any CPU.ActiveCfg = Debug|Any CPU
		{500F1374-035B-490C-83F7-0D4F7DCCF8D3}.Debug|Any CPU.Build.0 = Debug|Any CPU
		{500F1374-035B-490C-83F7-0D4F7DCCF8D3}.Release|Any CPU.ActiveCfg = Release|Any CPU
		{500F1374-035B-490C-83F7-0D4F7DCCF8D3}.Release|Any CPU.Build.0 = Release|Any CPU
		{1601B5DE-FCD6-4806-87C6-A0FD7DDA5BEC}.Debug|Any CPU.ActiveCfg = Debug|Any CPU
		{1601B5DE-FCD6-4806-87C6-A0FD7DDA5BEC}.Debug|Any CPU.Build.0 = Debug|Any CPU
		{1601B5DE-FCD6-4806-87C6-A0FD7DDA5BEC}.Release|Any CPU.ActiveCfg = Release|Any CPU
		{1601B5DE-FCD6-4806-87C6-A0FD7DDA5BEC}.Release|Any CPU.Build.0 = Release|Any CPU
		{2736D793-C15E-412E-8329-C0F36F41049B}.Debug|Any CPU.ActiveCfg = Debug|Any CPU
		{2736D793-C15E-412E-8329-C0F36F41049B}.Debug|Any CPU.Build.0 = Debug|Any CPU
		{2736D793-C15E-412E-8329-C0F36F41049B}.Release|Any CPU.ActiveCfg = Release|Any CPU
		{2736D793-C15E-412E-8329-C0F36F41049B}.Release|Any CPU.Build.0 = Release|Any CPU
		{79308795-AA7A-4ACB-90CF-23A6CCDCBA0B}.Debug|Any CPU.ActiveCfg = Debug|Any CPU
		{79308795-AA7A-4ACB-90CF-23A6CCDCBA0B}.Debug|Any CPU.Build.0 = Debug|Any CPU
		{79308795-AA7A-4ACB-90CF-23A6CCDCBA0B}.Release|Any CPU.ActiveCfg = Release|Any CPU
		{79308795-AA7A-4ACB-90CF-23A6CCDCBA0B}.Release|Any CPU.Build.0 = Release|Any CPU
	EndGlobalSection
	GlobalSection(SolutionProperties) = preSolution
		HideSolutionNode = FALSE
	EndGlobalSection
	GlobalSection(ExtensibilityGlobals) = postSolution
		SolutionGuid = {651F179B-DB00-44EA-BDB1-A38134001458}
	EndGlobalSection
EndGlobal
